
Microsoft Visual Studio Solution File, Format Version 12.00
# Visual Studio Version 17
VisualStudioVersion = 17.10.35122.118
MinimumVisualStudioVersion = 10.0.40219.1
Project("{8BC9CEB8-8B4A-11D0-8D11-00A0C91BC942}") = "Core", "Core\Core.vcxproj", "{07CF3157-BC0F-4F21-9DBA-C68FDCEA3B28}"
EndProject
Project("{8BC9CEB8-8B4A-11D0-8D11-00A0C91BC942}") = "EngineBase", "EngineBase\EngineBase.vcxproj", "{47E3AAD8-CC6C-46C3-86C8-B7CA1A81DA66}"
EndProject
Project("{8BC9CEB8-8B4A-11D0-8D11-00A0C91BC942}") = "EnginePlatform", "EnginePlatform\EnginePlatform.vcxproj", "{F9CE566D-792C-41F3-A621-26F0A42CBA9C}"
	ProjectSection(ProjectDependencies) = postProject
		{47E3AAD8-CC6C-46C3-86C8-B7CA1A81DA66} = {47E3AAD8-CC6C-46C3-86C8-B7CA1A81DA66}
	EndProjectSection
EndProject
Project("{8BC9CEB8-8B4A-11D0-8D11-00A0C91BC942}") = "EngineCore", "EngineCore\EngineCore.vcxproj", "{E912F146-A8CE-43F3-AA89-C50B132307F5}"
	ProjectSection(ProjectDependencies) = postProject
		{47E3AAD8-CC6C-46C3-86C8-B7CA1A81DA66} = {47E3AAD8-CC6C-46C3-86C8-B7CA1A81DA66}
		{F9CE566D-792C-41F3-A621-26F0A42CBA9C} = {F9CE566D-792C-41F3-A621-26F0A42CBA9C}
	EndProjectSection
EndProject
Project("{2150E333-8FDC-42A3-9474-1A3956D46DE8}") = "0_Base", "0_Base", "{19308DFD-E26B-4376-8D7C-F4AD3A5D693E}"
EndProject
Project("{2150E333-8FDC-42A3-9474-1A3956D46DE8}") = "1_Platform", "1_Platform", "{80D83A99-05BD-49E0-8D1B-4ABD7E7E7082}"
EndProject
Project("{2150E333-8FDC-42A3-9474-1A3956D46DE8}") = "2_Core", "2_Core", "{9A4277FE-E081-4204-BD61-E914A66515DD}"
EndProject
Project("{2150E333-8FDC-42A3-9474-1A3956D46DE8}") = "3_Content", "3_Content", "{51948CF4-676E-4325-BFA3-3C3A49761657}"
EndProject
Project("{2150E333-8FDC-42A3-9474-1A3956D46DE8}") = "4_App", "4_App", "{93FFF66E-11E0-472F-ADB3-9699D4579931}"
EndProject
Project("{8BC9CEB8-8B4A-11D0-8D11-00A0C91BC942}") = "ContentsProject", "ContentsProject\ContentsProject.vcxproj", "{FF6353C1-F445-4001-AA75-89EA5F23AD81}"
	ProjectSection(ProjectDependencies) = postProject
		{47E3AAD8-CC6C-46C3-86C8-B7CA1A81DA66} = {47E3AAD8-CC6C-46C3-86C8-B7CA1A81DA66}
		{E912F146-A8CE-43F3-AA89-C50B132307F5} = {E912F146-A8CE-43F3-AA89-C50B132307F5}
		{F9CE566D-792C-41F3-A621-26F0A42CBA9C} = {F9CE566D-792C-41F3-A621-26F0A42CBA9C}
	EndProjectSection
EndProject
Project("{8BC9CEB8-8B4A-11D0-8D11-00A0C91BC942}") = "App", "App\App.vcxproj", "{8E711A9D-CA61-49ED-A0BE-0E1913D78823}"
	ProjectSection(ProjectDependencies) = postProject
		{47E3AAD8-CC6C-46C3-86C8-B7CA1A81DA66} = {47E3AAD8-CC6C-46C3-86C8-B7CA1A81DA66}
		{E912F146-A8CE-43F3-AA89-C50B132307F5} = {E912F146-A8CE-43F3-AA89-C50B132307F5}
		{F9CE566D-792C-41F3-A621-26F0A42CBA9C} = {F9CE566D-792C-41F3-A621-26F0A42CBA9C}
		{FF6353C1-F445-4001-AA75-89EA5F23AD81} = {FF6353C1-F445-4001-AA75-89EA5F23AD81}
	EndProjectSection
EndProject
Global
	GlobalSection(SolutionConfigurationPlatforms) = preSolution
		Debug|x64 = Debug|x64
		Debug|x86 = Debug|x86
		Release|x64 = Release|x64
		Release|x86 = Release|x86
	EndGlobalSection
	GlobalSection(ProjectConfigurationPlatforms) = postSolution
		{07CF3157-BC0F-4F21-9DBA-C68FDCEA3B28}.Debug|x64.ActiveCfg = Debug|x64
		{07CF3157-BC0F-4F21-9DBA-C68FDCEA3B28}.Debug|x64.Build.0 = Debug|x64
		{07CF3157-BC0F-4F21-9DBA-C68FDCEA3B28}.Debug|x86.ActiveCfg = Debug|Win32
		{07CF3157-BC0F-4F21-9DBA-C68FDCEA3B28}.Debug|x86.Build.0 = Debug|Win32
		{07CF3157-BC0F-4F21-9DBA-C68FDCEA3B28}.Release|x64.ActiveCfg = Release|x64
		{07CF3157-BC0F-4F21-9DBA-C68FDCEA3B28}.Release|x64.Build.0 = Release|x64
		{07CF3157-BC0F-4F21-9DBA-C68FDCEA3B28}.Release|x86.ActiveCfg = Release|Win32
		{07CF3157-BC0F-4F21-9DBA-C68FDCEA3B28}.Release|x86.Build.0 = Release|Win32
		{47E3AAD8-CC6C-46C3-86C8-B7CA1A81DA66}.Debug|x64.ActiveCfg = Debug|x64
		{47E3AAD8-CC6C-46C3-86C8-B7CA1A81DA66}.Debug|x64.Build.0 = Debug|x64
		{47E3AAD8-CC6C-46C3-86C8-B7CA1A81DA66}.Debug|x86.ActiveCfg = Debug|Win32
		{47E3AAD8-CC6C-46C3-86C8-B7CA1A81DA66}.Debug|x86.Build.0 = Debug|Win32
		{47E3AAD8-CC6C-46C3-86C8-B7CA1A81DA66}.Release|x64.ActiveCfg = Release|x64
		{47E3AAD8-CC6C-46C3-86C8-B7CA1A81DA66}.Release|x64.Build.0 = Release|x64
		{47E3AAD8-CC6C-46C3-86C8-B7CA1A81DA66}.Release|x86.ActiveCfg = Release|Win32
		{47E3AAD8-CC6C-46C3-86C8-B7CA1A81DA66}.Release|x86.Build.0 = Release|Win32
		{F9CE566D-792C-41F3-A621-26F0A42CBA9C}.Debug|x64.ActiveCfg = Debug|x64
		{F9CE566D-792C-41F3-A621-26F0A42CBA9C}.Debug|x64.Build.0 = Debug|x64
		{F9CE566D-792C-41F3-A621-26F0A42CBA9C}.Debug|x86.ActiveCfg = Debug|Win32
		{F9CE566D-792C-41F3-A621-26F0A42CBA9C}.Debug|x86.Build.0 = Debug|Win32
		{F9CE566D-792C-41F3-A621-26F0A42CBA9C}.Release|x64.ActiveCfg = Release|x64
		{F9CE566D-792C-41F3-A621-26F0A42CBA9C}.Release|x64.Build.0 = Release|x64
		{F9CE566D-792C-41F3-A621-26F0A42CBA9C}.Release|x86.ActiveCfg = Release|Win32
		{F9CE566D-792C-41F3-A621-26F0A42CBA9C}.Release|x86.Build.0 = Release|Win32
		{E912F146-A8CE-43F3-AA89-C50B132307F5}.Debug|x64.ActiveCfg = Debug|x64
		{E912F146-A8CE-43F3-AA89-C50B132307F5}.Debug|x64.Build.0 = Debug|x64
		{E912F146-A8CE-43F3-AA89-C50B132307F5}.Debug|x86.ActiveCfg = Debug|Win32
		{E912F146-A8CE-43F3-AA89-C50B132307F5}.Debug|x86.Build.0 = Debug|Win32
		{E912F146-A8CE-43F3-AA89-C50B132307F5}.Release|x64.ActiveCfg = Release|x64
		{E912F146-A8CE-43F3-AA89-C50B132307F5}.Release|x64.Build.0 = Release|x64
		{E912F146-A8CE-43F3-AA89-C50B132307F5}.Release|x86.ActiveCfg = Release|Win32
		{E912F146-A8CE-43F3-AA89-C50B132307F5}.Release|x86.Build.0 = Release|Win32
		{FF6353C1-F445-4001-AA75-89EA5F23AD81}.Debug|x64.ActiveCfg = Debug|x64
		{FF6353C1-F445-4001-AA75-89EA5F23AD81}.Debug|x64.Build.0 = Debug|x64
		{FF6353C1-F445-4001-AA75-89EA5F23AD81}.Debug|x86.ActiveCfg = Debug|Win32
		{FF6353C1-F445-4001-AA75-89EA5F23AD81}.Debug|x86.Build.0 = Debug|Win32
		{FF6353C1-F445-4001-AA75-89EA5F23AD81}.Release|x64.ActiveCfg = Release|x64
		{FF6353C1-F445-4001-AA75-89EA5F23AD81}.Release|x64.Build.0 = Release|x64
		{FF6353C1-F445-4001-AA75-89EA5F23AD81}.Release|x86.ActiveCfg = Release|Win32
		{FF6353C1-F445-4001-AA75-89EA5F23AD81}.Release|x86.Build.0 = Release|Win32
		{8E711A9D-CA61-49ED-A0BE-0E1913D78823}.Debug|x64.ActiveCfg = Debug|x64
		{8E711A9D-CA61-49ED-A0BE-0E1913D78823}.Debug|x64.Build.0 = Debug|x64
		{8E711A9D-CA61-49ED-A0BE-0E1913D78823}.Debug|x86.ActiveCfg = Debug|Win32
		{8E711A9D-CA61-49ED-A0BE-0E1913D78823}.Debug|x86.Build.0 = Debug|Win32
		{8E711A9D-CA61-49ED-A0BE-0E1913D78823}.Release|x64.ActiveCfg = Release|x64
		{8E711A9D-CA61-49ED-A0BE-0E1913D78823}.Release|x64.Build.0 = Release|x64
		{8E711A9D-CA61-49ED-A0BE-0E1913D78823}.Release|x86.ActiveCfg = Release|Win32
		{8E711A9D-CA61-49ED-A0BE-0E1913D78823}.Release|x86.Build.0 = Release|Win32
	EndGlobalSection
	GlobalSection(SolutionProperties) = preSolution
		HideSolutionNode = FALSE
	EndGlobalSection
	GlobalSection(NestedProjects) = preSolution
		{07CF3157-BC0F-4F21-9DBA-C68FDCEA3B28} = {93FFF66E-11E0-472F-ADB3-9699D4579931}
		{47E3AAD8-CC6C-46C3-86C8-B7CA1A81DA66} = {19308DFD-E26B-4376-8D7C-F4AD3A5D693E}
		{F9CE566D-792C-41F3-A621-26F0A42CBA9C} = {80D83A99-05BD-49E0-8D1B-4ABD7E7E7082}
		{E912F146-A8CE-43F3-AA89-C50B132307F5} = {9A4277FE-E081-4204-BD61-E914A66515DD}
		{FF6353C1-F445-4001-AA75-89EA5F23AD81} = {51948CF4-676E-4325-BFA3-3C3A49761657}
		{8E711A9D-CA61-49ED-A0BE-0E1913D78823} = {93FFF66E-11E0-472F-ADB3-9699D4579931}
	EndGlobalSection
	GlobalSection(ExtensibilityGlobals) = postSolution
		SolutionGuid = {1B839543-F072-443A-B25E-38078F5E1E31}
	EndGlobalSection
EndGlobal
